
Microsoft Visual Studio Solution File, Format Version 12.00
Project("{FAE04EC0-301F-11D3-BF4B-00C04F79EFBC}") = "Nuotti", "Nuotti\Nuotti.csproj", "{2A4B753A-6077-4182-8F25-2A180A5BC25B}"
EndProject
Project("{FAE04EC0-301F-11D3-BF4B-00C04F79EFBC}") = "Nuotti.Backend", "Nuotti.Backend\Nuotti.Backend.csproj", "{3CAA8F81-0798-48CE-9008-E9DA8A250FD2}"
EndProject
Project("{FAE04EC0-301F-11D3-BF4B-00C04F79EFBC}") = "Nuotti.Audience", "Nuotti.Audience\Nuotti.Audience.csproj", "{B8D27B49-9FC2-4DEF-8C81-A9108EFDEC97}"
EndProject
Project("{FAE04EC0-301F-11D3-BF4B-00C04F79EFBC}") = "Nuotti.Projector", "Nuotti.Projector\Nuotti.Projector.csproj", "{D64AB98A-1C1F-471C-96DD-D75BA1024C64}"
EndProject
Project("{FAE04EC0-301F-11D3-BF4B-00C04F79EFBC}") = "Nuotti.AudioEngine", "Nuotti.AudioEngine\Nuotti.AudioEngine.csproj", "{0A14BA43-7CB3-47AE-B6F5-AA0AAC0E7323}"
EndProject
Project("{FAE04EC0-301F-11D3-BF4B-00C04F79EFBC}") = "Nuotti.Contracts", "Nuotti.Contracts\Nuotti.Contracts.csproj", "{DF5E9CE3-B306-4B1A-A28A-8006957A7781}"
EndProject
Project("{FAE04EC0-301F-11D3-BF4B-00C04F79EFBC}") = "Nuotti.Contracts.Tests", "Nuotti.Contracts.Tests\Nuotti.Contracts.Tests.csproj", "{F31FEEBF-B51A-44E3-B958-88472F1F9313}"
EndProject
Project("{FAE04EC0-301F-11D3-BF4B-00C04F79EFBC}") = "Nuotti.Backend.Tests", "Nuotti.Backend.Tests\Nuotti.Backend.Tests.csproj", "{8B3A2D7E-4D2A-4D8E-8E9D-1B3E6A9CF5A1}"
EndProject
Global
	GlobalSection(SolutionConfigurationPlatforms) = preSolution
		Debug|Any CPU = Debug|Any CPU
		Debug|x64 = Debug|x64
		Debug|x86 = Debug|x86
		Release|Any CPU = Release|Any CPU
		Release|x64 = Release|x64
		Release|x86 = Release|x86
	EndGlobalSection
	GlobalSection(ProjectConfigurationPlatforms) = postSolution
		{2A4B753A-6077-4182-8F25-2A180A5BC25B}.Debug|Any CPU.ActiveCfg = Debug|Any CPU
		{2A4B753A-6077-4182-8F25-2A180A5BC25B}.Debug|Any CPU.Build.0 = Debug|Any CPU
		{2A4B753A-6077-4182-8F25-2A180A5BC25B}.Debug|x64.ActiveCfg = Debug|Any CPU
		{2A4B753A-6077-4182-8F25-2A180A5BC25B}.Debug|x64.Build.0 = Debug|Any CPU
		{2A4B753A-6077-4182-8F25-2A180A5BC25B}.Debug|x86.ActiveCfg = Debug|Any CPU
		{2A4B753A-6077-4182-8F25-2A180A5BC25B}.Debug|x86.Build.0 = Debug|Any CPU
		{2A4B753A-6077-4182-8F25-2A180A5BC25B}.Release|Any CPU.ActiveCfg = Release|Any CPU
		{2A4B753A-6077-4182-8F25-2A180A5BC25B}.Release|Any CPU.Build.0 = Release|Any CPU
		{2A4B753A-6077-4182-8F25-2A180A5BC25B}.Release|x64.ActiveCfg = Release|Any CPU
		{2A4B753A-6077-4182-8F25-2A180A5BC25B}.Release|x64.Build.0 = Release|Any CPU
		{2A4B753A-6077-4182-8F25-2A180A5BC25B}.Release|x86.ActiveCfg = Release|Any CPU
		{2A4B753A-6077-4182-8F25-2A180A5BC25B}.Release|x86.Build.0 = Release|Any CPU
		{3CAA8F81-0798-48CE-9008-E9DA8A250FD2}.Debug|Any CPU.ActiveCfg = Debug|Any CPU
		{3CAA8F81-0798-48CE-9008-E9DA8A250FD2}.Debug|Any CPU.Build.0 = Debug|Any CPU
		{3CAA8F81-0798-48CE-9008-E9DA8A250FD2}.Debug|x64.ActiveCfg = Debug|Any CPU
		{3CAA8F81-0798-48CE-9008-E9DA8A250FD2}.Debug|x64.Build.0 = Debug|Any CPU
		{3CAA8F81-0798-48CE-9008-E9DA8A250FD2}.Debug|x86.ActiveCfg = Debug|Any CPU
		{3CAA8F81-0798-48CE-9008-E9DA8A250FD2}.Debug|x86.Build.0 = Debug|Any CPU
		{3CAA8F81-0798-48CE-9008-E9DA8A250FD2}.Release|Any CPU.ActiveCfg = Release|Any CPU
		{3CAA8F81-0798-48CE-9008-E9DA8A250FD2}.Release|Any CPU.Build.0 = Release|Any CPU
		{3CAA8F81-0798-48CE-9008-E9DA8A250FD2}.Release|x64.ActiveCfg = Release|Any CPU
		{3CAA8F81-0798-48CE-9008-E9DA8A250FD2}.Release|x64.Build.0 = Release|Any CPU
		{3CAA8F81-0798-48CE-9008-E9DA8A250FD2}.Release|x86.ActiveCfg = Release|Any CPU
		{3CAA8F81-0798-48CE-9008-E9DA8A250FD2}.Release|x86.Build.0 = Release|Any CPU
		{B8D27B49-9FC2-4DEF-8C81-A9108EFDEC97}.Debug|Any CPU.ActiveCfg = Debug|Any CPU
		{B8D27B49-9FC2-4DEF-8C81-A9108EFDEC97}.Debug|Any CPU.Build.0 = Debug|Any CPU
		{B8D27B49-9FC2-4DEF-8C81-A9108EFDEC97}.Debug|x64.ActiveCfg = Debug|Any CPU
		{B8D27B49-9FC2-4DEF-8C81-A9108EFDEC97}.Debug|x64.Build.0 = Debug|Any CPU
		{B8D27B49-9FC2-4DEF-8C81-A9108EFDEC97}.Debug|x86.ActiveCfg = Debug|Any CPU
		{B8D27B49-9FC2-4DEF-8C81-A9108EFDEC97}.Debug|x86.Build.0 = Debug|Any CPU
		{B8D27B49-9FC2-4DEF-8C81-A9108EFDEC97}.Release|Any CPU.ActiveCfg = Release|Any CPU
		{B8D27B49-9FC2-4DEF-8C81-A9108EFDEC97}.Release|Any CPU.Build.0 = Release|Any CPU
		{B8D27B49-9FC2-4DEF-8C81-A9108EFDEC97}.Release|x64.ActiveCfg = Release|Any CPU
		{B8D27B49-9FC2-4DEF-8C81-A9108EFDEC97}.Release|x64.Build.0 = Release|Any CPU
		{B8D27B49-9FC2-4DEF-8C81-A9108EFDEC97}.Release|x86.ActiveCfg = Release|Any CPU
		{B8D27B49-9FC2-4DEF-8C81-A9108EFDEC97}.Release|x86.Build.0 = Release|Any CPU
		{D64AB98A-1C1F-471C-96DD-D75BA1024C64}.Debug|Any CPU.ActiveCfg = Debug|Any CPU
		{D64AB98A-1C1F-471C-96DD-D75BA1024C64}.Debug|Any CPU.Build.0 = Debug|Any CPU
		{D64AB98A-1C1F-471C-96DD-D75BA1024C64}.Debug|x64.ActiveCfg = Debug|Any CPU
		{D64AB98A-1C1F-471C-96DD-D75BA1024C64}.Debug|x64.Build.0 = Debug|Any CPU
		{D64AB98A-1C1F-471C-96DD-D75BA1024C64}.Debug|x86.ActiveCfg = Debug|Any CPU
		{D64AB98A-1C1F-471C-96DD-D75BA1024C64}.Debug|x86.Build.0 = Debug|Any CPU
		{D64AB98A-1C1F-471C-96DD-D75BA1024C64}.Release|Any CPU.ActiveCfg = Release|Any CPU
		{D64AB98A-1C1F-471C-96DD-D75BA1024C64}.Release|Any CPU.Build.0 = Release|Any CPU
		{D64AB98A-1C1F-471C-96DD-D75BA1024C64}.Release|x64.ActiveCfg = Release|Any CPU
		{D64AB98A-1C1F-471C-96DD-D75BA1024C64}.Release|x64.Build.0 = Release|Any CPU
		{D64AB98A-1C1F-471C-96DD-D75BA1024C64}.Release|x86.ActiveCfg = Release|Any CPU
		{D64AB98A-1C1F-471C-96DD-D75BA1024C64}.Release|x86.Build.0 = Release|Any CPU
		{0A14BA43-7CB3-47AE-B6F5-AA0AAC0E7323}.Debug|Any CPU.ActiveCfg = Debug|Any CPU
		{0A14BA43-7CB3-47AE-B6F5-AA0AAC0E7323}.Debug|Any CPU.Build.0 = Debug|Any CPU
		{0A14BA43-7CB3-47AE-B6F5-AA0AAC0E7323}.Debug|x64.ActiveCfg = Debug|Any CPU
		{0A14BA43-7CB3-47AE-B6F5-AA0AAC0E7323}.Debug|x64.Build.0 = Debug|Any CPU
		{0A14BA43-7CB3-47AE-B6F5-AA0AAC0E7323}.Debug|x86.ActiveCfg = Debug|Any CPU
		{0A14BA43-7CB3-47AE-B6F5-AA0AAC0E7323}.Debug|x86.Build.0 = Debug|Any CPU
		{0A14BA43-7CB3-47AE-B6F5-AA0AAC0E7323}.Release|Any CPU.ActiveCfg = Release|Any CPU
		{0A14BA43-7CB3-47AE-B6F5-AA0AAC0E7323}.Release|Any CPU.Build.0 = Release|Any CPU
		{0A14BA43-7CB3-47AE-B6F5-AA0AAC0E7323}.Release|x64.ActiveCfg = Release|Any CPU
		{0A14BA43-7CB3-47AE-B6F5-AA0AAC0E7323}.Release|x64.Build.0 = Release|Any CPU
		{0A14BA43-7CB3-47AE-B6F5-AA0AAC0E7323}.Release|x86.ActiveCfg = Release|Any CPU
		{0A14BA43-7CB3-47AE-B6F5-AA0AAC0E7323}.Release|x86.Build.0 = Release|Any CPU
		{DF5E9CE3-B306-4B1A-A28A-8006957A7781}.Debug|Any CPU.ActiveCfg = Debug|Any CPU
		{DF5E9CE3-B306-4B1A-A28A-8006957A7781}.Debug|Any CPU.Build.0 = Debug|Any CPU
		{DF5E9CE3-B306-4B1A-A28A-8006957A7781}.Debug|x64.ActiveCfg = Debug|Any CPU
		{DF5E9CE3-B306-4B1A-A28A-8006957A7781}.Debug|x64.Build.0 = Debug|Any CPU
		{DF5E9CE3-B306-4B1A-A28A-8006957A7781}.Debug|x86.ActiveCfg = Debug|Any CPU
		{DF5E9CE3-B306-4B1A-A28A-8006957A7781}.Debug|x86.Build.0 = Debug|Any CPU
		{DF5E9CE3-B306-4B1A-A28A-8006957A7781}.Release|Any CPU.ActiveCfg = Release|Any CPU
		{DF5E9CE3-B306-4B1A-A28A-8006957A7781}.Release|Any CPU.Build.0 = Release|Any CPU
		{DF5E9CE3-B306-4B1A-A28A-8006957A7781}.Release|x64.ActiveCfg = Release|Any CPU
		{DF5E9CE3-B306-4B1A-A28A-8006957A7781}.Release|x64.Build.0 = Release|Any CPU
		{DF5E9CE3-B306-4B1A-A28A-8006957A7781}.Release|x86.ActiveCfg = Release|Any CPU
		{DF5E9CE3-B306-4B1A-A28A-8006957A7781}.Release|x86.Build.0 = Release|Any CPU
		{F31FEEBF-B51A-44E3-B958-88472F1F9313}.Debug|Any CPU.ActiveCfg = Debug|Any CPU
		{F31FEEBF-B51A-44E3-B958-88472F1F9313}.Debug|Any CPU.Build.0 = Debug|Any CPU
		{F31FEEBF-B51A-44E3-B958-88472F1F9313}.Debug|x64.ActiveCfg = Debug|Any CPU
		{F31FEEBF-B51A-44E3-B958-88472F1F9313}.Debug|x64.Build.0 = Debug|Any CPU
		{F31FEEBF-B51A-44E3-B958-88472F1F9313}.Debug|x86.ActiveCfg = Debug|Any CPU
		{F31FEEBF-B51A-44E3-B958-88472F1F9313}.Debug|x86.Build.0 = Debug|Any CPU
		{F31FEEBF-B51A-44E3-B958-88472F1F9313}.Release|Any CPU.ActiveCfg = Release|Any CPU
		{F31FEEBF-B51A-44E3-B958-88472F1F9313}.Release|Any CPU.Build.0 = Release|Any CPU
		{F31FEEBF-B51A-44E3-B958-88472F1F9313}.Release|x64.ActiveCfg = Release|Any CPU
		{F31FEEBF-B51A-44E3-B958-88472F1F9313}.Release|x64.Build.0 = Release|Any CPU
		{F31FEEBF-B51A-44E3-B958-88472F1F9313}.Release|x86.ActiveCfg = Release|Any CPU
		{F31FEEBF-B51A-44E3-B958-88472F1F9313}.Release|x86.Build.0 = Release|Any CPU
		{8B3A2D7E-4D2A-4D8E-8E9D-1B3E6A9CF5A1}.Debug|Any CPU.ActiveCfg = Debug|Any CPU
		{8B3A2D7E-4D2A-4D8E-8E9D-1B3E6A9CF5A1}.Debug|Any CPU.Build.0 = Debug|Any CPU
		{8B3A2D7E-4D2A-4D8E-8E9D-1B3E6A9CF5A1}.Debug|x64.ActiveCfg = Debug|Any CPU
		{8B3A2D7E-4D2A-4D8E-8E9D-1B3E6A9CF5A1}.Debug|x64.Build.0 = Debug|Any CPU
		{8B3A2D7E-4D2A-4D8E-8E9D-1B3E6A9CF5A1}.Debug|x86.ActiveCfg = Debug|Any CPU
		{8B3A2D7E-4D2A-4D8E-8E9D-1B3E6A9CF5A1}.Debug|x86.Build.0 = Debug|Any CPU
		{8B3A2D7E-4D2A-4D8E-8E9D-1B3E6A9CF5A1}.Release|Any CPU.ActiveCfg = Release|Any CPU
		{8B3A2D7E-4D2A-4D8E-8E9D-1B3E6A9CF5A1}.Release|Any CPU.Build.0 = Release|Any CPU
		{8B3A2D7E-4D2A-4D8E-8E9D-1B3E6A9CF5A1}.Release|x64.ActiveCfg = Release|Any CPU
		{8B3A2D7E-4D2A-4D8E-8E9D-1B3E6A9CF5A1}.Release|x64.Build.0 = Release|Any CPU
		{8B3A2D7E-4D2A-4D8E-8E9D-1B3E6A9CF5A1}.Release|x86.ActiveCfg = Release|Any CPU
		{8B3A2D7E-4D2A-4D8E-8E9D-1B3E6A9CF5A1}.Release|x86.Build.0 = Release|Any CPU
	EndGlobalSection
	GlobalSection(SolutionProperties) = preSolution
		HideSolutionNode = FALSE
	EndGlobalSection
EndGlobal
